// !$*UTF8*$!
{
	archiveVersion = 1;
	classes = {
	};
	objectVersion = 56;
	objects = {

/* Begin PBXGroup section */
		A4B7DA6D2A12450700FBE3A0 = {
			isa = PBXGroup;
			children = (
			);
			sourceTree = "<group>";
		};
/* End PBXGroup section */

/* Begin PBXProject section */
		A4B7DA6E2A12450700FBE3A0 /* Project object */ = {
			isa = PBXProject;
			attributes = {
				BuildIndependentTargetsInParallel = 1;
				LastUpgradeCheck = 1430;
			};
			buildConfigurationList = A4B7DA712A12450700FBE3A0 /* Build configuration list for PBXProject "Table" */;
			compatibilityVersion = "Xcode 14.0";
			developmentRegion = en;
			hasScannedForEncodings = 0;
			knownRegions = (
				en,
				Base,
			);
			mainGroup = A4B7DA6D2A12450700FBE3A0;
			projectDirPath = "";
			projectRoot = "";
			targets = (
			);
		};
/* End PBXProject section */

/* Begin XCBuildConfiguration section */
		A4B7DA722A12450700FBE3A0 /* Debug */ = {
			isa = XCBuildConfiguration;
			buildSettings = {
			};
			name = Debug;
		};
		A4B7DA732A12450700FBE3A0 /* Release */ = {
			isa = XCBuildConfiguration;
			buildSettings = {
			};
			name = Release;
		};
/* End XCBuildConfiguration section */

/* Begin XCConfigurationList section */
		A4B7DA712A12450700FBE3A0 /* Build configuration list for PBXProject "Table" */ = {
			isa = XCConfigurationList;
			buildConfigurations = (
				A4B7DA722A12450700FBE3A0 /* Debug */,
				A4B7DA732A12450700FBE3A0 /* Release */,
			);
			defaultConfigurationIsVisible = 0;
			defaultConfigurationName = Release;
		};
/* End XCConfigurationList section */
	};
	rootObject = A4B7DA6E2A12450700FBE3A0 /* Project object */;
}
